// !$*UTF8*$!
{
	archiveVersion = 1;
	classes = {
	};
	objectVersion = 46;
	objects = {

/* Begin PBXBuildFile section */
		4C6185561B6798410017778A /* AppDelegate.swift in Sources */ = {isa = PBXBuildFile; fileRef = 4C6185551B6798410017778A /* AppDelegate.swift */; };
		4C6185591B6798410017778A /* VirtualTourist.xcdatamodeld in Sources */ = {isa = PBXBuildFile; fileRef = 4C6185571B6798410017778A /* VirtualTourist.xcdatamodeld */; };
		4C61855B1B6798410017778A /* ViewController.swift in Sources */ = {isa = PBXBuildFile; fileRef = 4C61855A1B6798410017778A /* ViewController.swift */; };
		4C61855E1B6798410017778A /* Main.storyboard in Resources */ = {isa = PBXBuildFile; fileRef = 4C61855C1B6798410017778A /* Main.storyboard */; };
		4C6185601B6798410017778A /* Images.xcassets in Resources */ = {isa = PBXBuildFile; fileRef = 4C61855F1B6798410017778A /* Images.xcassets */; };
		4C6185631B6798410017778A /* LaunchScreen.xib in Resources */ = {isa = PBXBuildFile; fileRef = 4C6185611B6798410017778A /* LaunchScreen.xib */; };
		4C61856F1B6798420017778A /* VirtualTouristTests.swift in Sources */ = {isa = PBXBuildFile; fileRef = 4C61856E1B6798420017778A /* VirtualTouristTests.swift */; };
		4C6185791B679D1A0017778A /* CoreDataStackManager.swift in Sources */ = {isa = PBXBuildFile; fileRef = 4C6185781B679D1A0017778A /* CoreDataStackManager.swift */; };
/* End PBXBuildFile section */

/* Begin PBXContainerItemProxy section */
		4C6185691B6798420017778A /* PBXContainerItemProxy */ = {
			isa = PBXContainerItemProxy;
			containerPortal = 4C6185481B6798410017778A /* Project object */;
			proxyType = 1;
			remoteGlobalIDString = 4C61854F1B6798410017778A;
			remoteInfo = VirtualTourist;
		};
/* End PBXContainerItemProxy section */

/* Begin PBXFileReference section */
		4C6185501B6798410017778A /* VirtualTourist.app */ = {isa = PBXFileReference; explicitFileType = wrapper.application; includeInIndex = 0; path = VirtualTourist.app; sourceTree = BUILT_PRODUCTS_DIR; };
		4C6185541B6798410017778A /* Info.plist */ = {isa = PBXFileReference; lastKnownFileType = text.plist.xml; path = Info.plist; sourceTree = "<group>"; };
		4C6185551B6798410017778A /* AppDelegate.swift */ = {isa = PBXFileReference; lastKnownFileType = sourcecode.swift; path = AppDelegate.swift; sourceTree = "<group>"; };
		4C6185581B6798410017778A /* VirtualTourist.xcdatamodel */ = {isa = PBXFileReference; lastKnownFileType = wrapper.xcdatamodel; path = VirtualTourist.xcdatamodel; sourceTree = "<group>"; };
		4C61855A1B6798410017778A /* ViewController.swift */ = {isa = PBXFileReference; lastKnownFileType = sourcecode.swift; path = ViewController.swift; sourceTree = "<group>"; };
		4C61855D1B6798410017778A /* Base */ = {isa = PBXFileReference; lastKnownFileType = file.storyboard; name = Base; path = Base.lproj/Main.storyboard; sourceTree = "<group>"; };
		4C61855F1B6798410017778A /* Images.xcassets */ = {isa = PBXFileReference; lastKnownFileType = folder.assetcatalog; path = Images.xcassets; sourceTree = "<group>"; };
		4C6185621B6798410017778A /* Base */ = {isa = PBXFileReference; lastKnownFileType = file.xib; name = Base; path = Base.lproj/LaunchScreen.xib; sourceTree = "<group>"; };
		4C6185681B6798420017778A /* VirtualTouristTests.xctest */ = {isa = PBXFileReference; explicitFileType = wrapper.cfbundle; includeInIndex = 0; path = VirtualTouristTests.xctest; sourceTree = BUILT_PRODUCTS_DIR; };
		4C61856D1B6798420017778A /* Info.plist */ = {isa = PBXFileReference; lastKnownFileType = text.plist.xml; path = Info.plist; sourceTree = "<group>"; };
		4C61856E1B6798420017778A /* VirtualTouristTests.swift */ = {isa = PBXFileReference; lastKnownFileType = sourcecode.swift; path = VirtualTouristTests.swift; sourceTree = "<group>"; };
		4C6185781B679D1A0017778A /* CoreDataStackManager.swift */ = {isa = PBXFileReference; fileEncoding = 4; lastKnownFileType = sourcecode.swift; path = CoreDataStackManager.swift; sourceTree = "<group>"; };
/* End PBXFileReference section */

/* Begin PBXFrameworksBuildPhase section */
		4C61854D1B6798410017778A /* Frameworks */ = {
			isa = PBXFrameworksBuildPhase;
			buildActionMask = 2147483647;
			files = (
			);
			runOnlyForDeploymentPostprocessing = 0;
		};
		4C6185651B6798420017778A /* Frameworks */ = {
			isa = PBXFrameworksBuildPhase;
			buildActionMask = 2147483647;
			files = (
			);
			runOnlyForDeploymentPostprocessing = 0;
		};
/* End PBXFrameworksBuildPhase section */

/* Begin PBXGroup section */
		4C6185471B6798410017778A = {
			isa = PBXGroup;
			children = (
				4C6185521B6798410017778A /* VirtualTourist */,
				4C61856B1B6798420017778A /* VirtualTouristTests */,
				4C6185511B6798410017778A /* Products */,
			);
			sourceTree = "<group>";
		};
		4C6185511B6798410017778A /* Products */ = {
			isa = PBXGroup;
			children = (
				4C6185501B6798410017778A /* VirtualTourist.app */,
				4C6185681B6798420017778A /* VirtualTouristTests.xctest */,
			);
			name = Products;
			sourceTree = "<group>";
		};
		4C6185521B6798410017778A /* VirtualTourist */ = {
			isa = PBXGroup;
			children = (
				4C6185781B679D1A0017778A /* CoreDataStackManager.swift */,
				4C6185551B6798410017778A /* AppDelegate.swift */,
				4C61855A1B6798410017778A /* ViewController.swift */,
				4C61855C1B6798410017778A /* Main.storyboard */,
				4C61855F1B6798410017778A /* Images.xcassets */,
				4C6185611B6798410017778A /* LaunchScreen.xib */,
				4C6185571B6798410017778A /* VirtualTourist.xcdatamodeld */,
				4C6185531B6798410017778A /* Supporting Files */,
			);
			path = VirtualTourist;
			sourceTree = "<group>";
		};
		4C6185531B6798410017778A /* Supporting Files */ = {
			isa = PBXGroup;
			children = (
				4C6185541B6798410017778A /* Info.plist */,
			);
			name = "Supporting Files";
			sourceTree = "<group>";
		};
		4C61856B1B6798420017778A /* VirtualTouristTests */ = {
			isa = PBXGroup;
			children = (
				4C61856E1B6798420017778A /* VirtualTouristTests.swift */,
				4C61856C1B6798420017778A /* Supporting Files */,
			);
			path = VirtualTouristTests;
			sourceTree = "<group>";
		};
		4C61856C1B6798420017778A /* Supporting Files */ = {
			isa = PBXGroup;
			children = (
				4C61856D1B6798420017778A /* Info.plist */,
			);
			name = "Supporting Files";
			sourceTree = "<group>";
		};
/* End PBXGroup section */

/* Begin PBXNativeTarget section */
		4C61854F1B6798410017778A /* VirtualTourist */ = {
			isa = PBXNativeTarget;
			buildConfigurationList = 4C6185721B6798420017778A /* Build configuration list for PBXNativeTarget "VirtualTourist" */;
			buildPhases = (
				4C61854C1B6798410017778A /* Sources */,
				4C61854D1B6798410017778A /* Frameworks */,
				4C61854E1B6798410017778A /* Resources */,
			);
			buildRules = (
			);
			dependencies = (
			);
			name = VirtualTourist;
			productName = VirtualTourist;
			productReference = 4C6185501B6798410017778A /* VirtualTourist.app */;
			productType = "com.apple.product-type.application";
		};
		4C6185671B6798420017778A /* VirtualTouristTests */ = {
			isa = PBXNativeTarget;
			buildConfigurationList = 4C6185751B6798420017778A /* Build configuration list for PBXNativeTarget "VirtualTouristTests" */;
			buildPhases = (
				4C6185641B6798420017778A /* Sources */,
				4C6185651B6798420017778A /* Frameworks */,
				4C6185661B6798420017778A /* Resources */,
			);
			buildRules = (
			);
			dependencies = (
				4C61856A1B6798420017778A /* PBXTargetDependency */,
			);
			name = VirtualTouristTests;
			productName = VirtualTouristTests;
			productReference = 4C6185681B6798420017778A /* VirtualTouristTests.xctest */;
			productType = "com.apple.product-type.bundle.unit-test";
		};
/* End PBXNativeTarget section */

/* Begin PBXProject section */
		4C6185481B6798410017778A /* Project object */ = {
			isa = PBXProject;
			attributes = {
				LastUpgradeCheck = 0630;
				ORGANIZATIONNAME = kazmi;
				TargetAttributes = {
					4C61854F1B6798410017778A = {
						CreatedOnToolsVersion = 6.3.2;
					};
					4C6185671B6798420017778A = {
						CreatedOnToolsVersion = 6.3.2;
						TestTargetID = 4C61854F1B6798410017778A;
					};
				};
			};
			buildConfigurationList = 4C61854B1B6798410017778A /* Build configuration list for PBXProject "VirtualTourist" */;
			compatibilityVersion = "Xcode 3.2";
			developmentRegion = English;
			hasScannedForEncodings = 0;
			knownRegions = (
				en,
				Base,
			);
			mainGroup = 4C6185471B6798410017778A;
			productRefGroup = 4C6185511B6798410017778A /* Products */;
			projectDirPath = "";
			projectRoot = "";
			targets = (
				4C61854F1B6798410017778A /* VirtualTourist */,
				4C6185671B6798420017778A /* VirtualTouristTests */,
			);
		};
/* End PBXProject section */

/* Begin PBXResourcesBuildPhase section */
		4C61854E1B6798410017778A /* Resources */ = {
			isa = PBXResourcesBuildPhase;
			buildActionMask = 2147483647;
			files = (
				4C61855E1B6798410017778A /* Main.storyboard in Resources */,
				4C6185631B6798410017778A /* LaunchScreen.xib in Resources */,
				4C6185601B6798410017778A /* Images.xcassets in Resources */,
			);
			runOnlyForDeploymentPostprocessing = 0;
		};
		4C6185661B6798420017778A /* Resources */ = {
			isa = PBXResourcesBuildPhase;
			buildActionMask = 2147483647;
			files = (
			);
			runOnlyForDeploymentPostprocessing = 0;
		};
/* End PBXResourcesBuildPhase section */

/* Begin PBXSourcesBuildPhase section */
		4C61854C1B6798410017778A /* Sources */ = {
			isa = PBXSourcesBuildPhase;
			buildActionMask = 2147483647;
			files = (
				4C61855B1B6798410017778A /* ViewController.swift in Sources */,
				4C6185791B679D1A0017778A /* CoreDataStackManager.swift in Sources */,
				4C6185591B6798410017778A /* VirtualTourist.xcdatamodeld in Sources */,
				4C6185561B6798410017778A /* AppDelegate.swift in Sources */,
			);
			runOnlyForDeploymentPostprocessing = 0;
		};
		4C6185641B6798420017778A /* Sources */ = {
			isa = PBXSourcesBuildPhase;
			buildActionMask = 2147483647;
			files = (
				4C61856F1B6798420017778A /* VirtualTouristTests.swift in Sources */,
			);
			runOnlyForDeploymentPostprocessing = 0;
		};
/* End PBXSourcesBuildPhase section */

/* Begin PBXTargetDependency section */
		4C61856A1B6798420017778A /* PBXTargetDependency */ = {
			isa = PBXTargetDependency;
			target = 4C61854F1B6798410017778A /* VirtualTourist */;
			targetProxy = 4C6185691B6798420017778A /* PBXContainerItemProxy */;
		};
/* End PBXTargetDependency section */

/* Begin PBXVariantGroup section */
		4C61855C1B6798410017778A /* Main.storyboard */ = {
			isa = PBXVariantGroup;
			children = (
				4C61855D1B6798410017778A /* Base */,
			);
			name = Main.storyboard;
			sourceTree = "<group>";
		};
		4C6185611B6798410017778A /* LaunchScreen.xib */ = {
			isa = PBXVariantGroup;
			children = (
				4C6185621B6798410017778A /* Base */,
			);
			name = LaunchScreen.xib;
			sourceTree = "<group>";
		};
/* End PBXVariantGroup section */

/* Begin XCBuildConfiguration section */
		4C6185701B6798420017778A /* Debug */ = {
			isa = XCBuildConfiguration;
			buildSettings = {
				ALWAYS_SEARCH_USER_PATHS = NO;
				CLANG_CXX_LANGUAGE_STANDARD = "gnu++0x";
				CLANG_CXX_LIBRARY = "libc++";
				CLANG_ENABLE_MODULES = YES;
				CLANG_ENABLE_OBJC_ARC = YES;
				CLANG_WARN_BOOL_CONVERSION = YES;
				CLANG_WARN_CONSTANT_CONVERSION = YES;
				CLANG_WARN_DIRECT_OBJC_ISA_USAGE = YES_ERROR;
				CLANG_WARN_EMPTY_BODY = YES;
				CLANG_WARN_ENUM_CONVERSION = YES;
				CLANG_WARN_INT_CONVERSION = YES;
				CLANG_WARN_OBJC_ROOT_CLASS = YES_ERROR;
				CLANG_WARN_UNREACHABLE_CODE = YES;
				CLANG_WARN__DUPLICATE_METHOD_MATCH = YES;
				"CODE_SIGN_IDENTITY[sdk=iphoneos*]" = "iPhone Developer";
				COPY_PHASE_STRIP = NO;
				DEBUG_INFORMATION_FORMAT = "dwarf-with-dsym";
				ENABLE_STRICT_OBJC_MSGSEND = YES;
				GCC_C_LANGUAGE_STANDARD = gnu99;
				GCC_DYNAMIC_NO_PIC = NO;
				GCC_NO_COMMON_BLOCKS = YES;
				GCC_OPTIMIZATION_LEVEL = 0;
				GCC_PREPROCESSOR_DEFINITIONS = (
					"DEBUG=1",
					"$(inherited)",
				);
				GCC_SYMBOLS_PRIVATE_EXTERN = NO;
				GCC_WARN_64_TO_32_BIT_CONVERSION = YES;
				GCC_WARN_ABOUT_RETURN_TYPE = YES_ERROR;
				GCC_WARN_UNDECLARED_SELECTOR = YES;
				GCC_WARN_UNINITIALIZED_AUTOS = YES_AGGRESSIVE;
				GCC_WARN_UNUSED_FUNCTION = YES;
				GCC_WARN_UNUSED_VARIABLE = YES;
				IPHONEOS_DEPLOYMENT_TARGET = 8.3;
				MTL_ENABLE_DEBUG_INFO = YES;
				ONLY_ACTIVE_ARCH = YES;
				SDKROOT = iphoneos;
				SWIFT_OPTIMIZATION_LEVEL = "-Onone";
			};
			name = Debug;
		};
		4C6185711B6798420017778A /* Release */ = {
			isa = XCBuildConfiguration;
			buildSettings = {
				ALWAYS_SEARCH_USER_PATHS = NO;
				CLANG_CXX_LANGUAGE_STANDARD = "gnu++0x";
				CLANG_CXX_LIBRARY = "libc++";
				CLANG_ENABLE_MODULES = YES;
				CLANG_ENABLE_OBJC_ARC = YES;
				CLANG_WARN_BOOL_CONVERSION = YES;
				CLANG_WARN_CONSTANT_CONVERSION = YES;
				CLANG_WARN_DIRECT_OBJC_ISA_USAGE = YES_ERROR;
				CLANG_WARN_EMPTY_BODY = YES;
				CLANG_WARN_ENUM_CONVERSION = YES;
				CLANG_WARN_INT_CONVERSION = YES;
				CLANG_WARN_OBJC_ROOT_CLASS = YES_ERROR;
				CLANG_WARN_UNREACHABLE_CODE = YES;
				CLANG_WARN__DUPLICATE_METHOD_MATCH = YES;
				"CODE_SIGN_IDENTITY[sdk=iphoneos*]" = "iPhone Developer";
				COPY_PHASE_STRIP = NO;
				DEBUG_INFORMATION_FORMAT = "dwarf-with-dsym";
				ENABLE_NS_ASSERTIONS = NO;
				ENABLE_STRICT_OBJC_MSGSEND = YES;
				GCC_C_LANGUAGE_STANDARD = gnu99;
				GCC_NO_COMMON_BLOCKS = YES;
				GCC_WARN_64_TO_32_BIT_CONVERSION = YES;
				GCC_WARN_ABOUT_RETURN_TYPE = YES_ERROR;
				GCC_WARN_UNDECLARED_SELECTOR = YES;
				GCC_WARN_UNINITIALIZED_AUTOS = YES_AGGRESSIVE;
				GCC_WARN_UNUSED_FUNCTION = YES;
				GCC_WARN_UNUSED_VARIABLE = YES;
				IPHONEOS_DEPLOYMENT_TARGET = 8.3;
				MTL_ENABLE_DEBUG_INFO = NO;
				SDKROOT = iphoneos;
				VALIDATE_PRODUCT = YES;
			};
			name = Release;
		};
		4C6185731B6798420017778A /* Debug */ = {
			isa = XCBuildConfiguration;
			buildSettings = {
				ASSETCATALOG_COMPILER_APPICON_NAME = AppIcon;
				INFOPLIST_FILE = VirtualTourist/Info.plist;
				LD_RUNPATH_SEARCH_PATHS = "$(inherited) @executable_path/Frameworks";
				PRODUCT_NAME = "$(TARGET_NAME)";
			};
			name = Debug;
		};
		4C6185741B6798420017778A /* Release */ = {
			isa = XCBuildConfiguration;
			buildSettings = {
				ASSETCATALOG_COMPILER_APPICON_NAME = AppIcon;
				INFOPLIST_FILE = VirtualTourist/Info.plist;
				LD_RUNPATH_SEARCH_PATHS = "$(inherited) @executable_path/Frameworks";
				PRODUCT_NAME = "$(TARGET_NAME)";
			};
			name = Release;
		};
		4C6185761B6798420017778A /* Debug */ = {
			isa = XCBuildConfiguration;
			buildSettings = {
				BUNDLE_LOADER = "$(TEST_HOST)";
				FRAMEWORK_SEARCH_PATHS = (
					"$(SDKROOT)/Developer/Library/Frameworks",
					"$(inherited)",
				);
				GCC_PREPROCESSOR_DEFINITIONS = (
					"DEBUG=1",
					"$(inherited)",
				);
				INFOPLIST_FILE = VirtualTouristTests/Info.plist;
				LD_RUNPATH_SEARCH_PATHS = "$(inherited) @executable_path/Frameworks @loader_path/Frameworks";
				PRODUCT_NAME = "$(TARGET_NAME)";
				TEST_HOST = "$(BUILT_PRODUCTS_DIR)/VirtualTourist.app/VirtualTourist";
			};
			name = Debug;
		};
		4C6185771B6798420017778A /* Release */ = {
			isa = XCBuildConfiguration;
			buildSettings = {
				BUNDLE_LOADER = "$(TEST_HOST)";
				FRAMEWORK_SEARCH_PATHS = (
					"$(SDKROOT)/Developer/Library/Frameworks",
					"$(inherited)",
				);
				INFOPLIST_FILE = VirtualTouristTests/Info.plist;
				LD_RUNPATH_SEARCH_PATHS = "$(inherited) @executable_path/Frameworks @loader_path/Frameworks";
				PRODUCT_NAME = "$(TARGET_NAME)";
				TEST_HOST = "$(BUILT_PRODUCTS_DIR)/VirtualTourist.app/VirtualTourist";
			};
			name = Release;
		};
/* End XCBuildConfiguration section */

/* Begin XCConfigurationList section */
		4C61854B1B6798410017778A /* Build configuration list for PBXProject "VirtualTourist" */ = {
			isa = XCConfigurationList;
			buildConfigurations = (
				4C6185701B6798420017778A /* Debug */,
				4C6185711B6798420017778A /* Release */,
			);
			defaultConfigurationIsVisible = 0;
			defaultConfigurationName = Release;
		};
		4C6185721B6798420017778A /* Build configuration list for PBXNativeTarget "VirtualTourist" */ = {
			isa = XCConfigurationList;
			buildConfigurations = (
				4C6185731B6798420017778A /* Debug */,
				4C6185741B6798420017778A /* Release */,
			);
			defaultConfigurationIsVisible = 0;
			defaultConfigurationName = Release;
		};
		4C6185751B6798420017778A /* Build configuration list for PBXNativeTarget "VirtualTouristTests" */ = {
			isa = XCConfigurationList;
			buildConfigurations = (
				4C6185761B6798420017778A /* Debug */,
				4C6185771B6798420017778A /* Release */,
			);
			defaultConfigurationIsVisible = 0;
			defaultConfigurationName = Release;
		};
/* End XCConfigurationList section */

/* Begin XCVersionGroup section */
		4C6185571B6798410017778A /* VirtualTourist.xcdatamodeld */ = {
			isa = XCVersionGroup;
			children = (
				4C6185581B6798410017778A /* VirtualTourist.xcdatamodel */,
			);
			currentVersion = 4C6185581B6798410017778A /* VirtualTourist.xcdatamodel */;
			path = VirtualTourist.xcdatamodeld;
			sourceTree = "<group>";
			versionGroupType = wrapper.xcdatamodel;
		};
/* End XCVersionGroup section */
	};
	rootObject = 4C6185481B6798410017778A /* Project object */;
}
